
Microsoft Visual Studio Solution File, Format Version 12.00
# Visual Studio Version 17
VisualStudioVersion = 17.3.32929.385
MinimumVisualStudioVersion = 10.0.40219.1
Project("{FAE04EC0-301F-11D3-BF4B-00C04F79EFBC}") = "uno server", "uno server\uno server.csproj", "{7C16CF15-43F8-4522-A44A-EB6D2D0DF29E}"
EndProject
Global
	GlobalSection(SolutionConfigurationPlatforms) = preSolution
		Debug|Any CPU = Debug|Any CPU
		Release|Any CPU = Release|Any CPU
	EndGlobalSection
	GlobalSection(ProjectConfigurationPlatforms) = postSolution
		{7C16CF15-43F8-4522-A44A-EB6D2D0DF29E}.Debug|Any CPU.ActiveCfg = Debug|Any CPU
		{7C16CF15-43F8-4522-A44A-EB6D2D0DF29E}.Debug|Any CPU.Build.0 = Debug|Any CPU
		{7C16CF15-43F8-4522-A44A-EB6D2D0DF29E}.Release|Any CPU.ActiveCfg = Release|Any CPU
		{7C16CF15-43F8-4522-A44A-EB6D2D0DF29E}.Release|Any CPU.Build.0 = Release|Any CPU
	EndGlobalSection
	GlobalSection(SolutionProperties) = preSolution
		HideSolutionNode = FALSE
	EndGlobalSection
	GlobalSection(ExtensibilityGlobals) = postSolution
		SolutionGuid = {9AF51043-7EA6-440B-830E-858DDB3F4616}
	EndGlobalSection
EndGlobal
